<Solution>
  <Project Path="Junevy.Communication.Modbus/Junevy.Communication.Modbus.csproj" DisplayName="Junevy.Communication.Modbus" />
  <Project Path="Junevy.Communication.Test/Junevy.Communication.Test.csproj" Id="e4b6be97-5abb-48ea-a11e-9081dd885fa5" />
  <Project Path="Junevy.Communication.Modbus.Tests/Junevy.Communication.Modbus.Tests.csproj" />
</Solution>
